
Microsoft Visual Studio Solution File, Format Version 12.00
# Visual Studio 14
VisualStudioVersion = 14.0.25402.0
MinimumVisualStudioVersion = 10.0.40219.1
Project("{FAE04EC0-301F-11D3-BF4B-00C04F79EFBC}") = "LaunchRemoteUri", "RemoteLaunchScenario\LaunchRemoteUri.csproj", "{0483B64B-EF7C-4454-89A3-4751A035A59C}"
EndProject
Project("{FAE04EC0-301F-11D3-BF4B-00C04F79EFBC}") = "DiscoverDevices", "DiscoverDevices\DiscoverDevices.csproj", "{B126009E-02FA-4C84-8C8A-EB16C9C0B59B}"
EndProject
Project("{FAE04EC0-301F-11D3-BF4B-00C04F79EFBC}") = "RemoteAppService", "RemoteAppService\RemoteAppService.csproj", "{28D66C35-F3E7-4E85-983E-8D24322F5016}"
EndProject
Global
	GlobalSection(SolutionConfigurationPlatforms) = preSolution
		Debug|ARM = Debug|ARM
		Debug|x64 = Debug|x64
		Debug|x86 = Debug|x86
		Release|ARM = Release|ARM
		Release|x64 = Release|x64
		Release|x86 = Release|x86
	EndGlobalSection
	GlobalSection(ProjectConfigurationPlatforms) = postSolution
		{0483B64B-EF7C-4454-89A3-4751A035A59C}.Debug|ARM.ActiveCfg = Debug|ARM
		{0483B64B-EF7C-4454-89A3-4751A035A59C}.Debug|ARM.Build.0 = Debug|ARM
		{0483B64B-EF7C-4454-89A3-4751A035A59C}.Debug|ARM.Deploy.0 = Debug|ARM
		{0483B64B-EF7C-4454-89A3-4751A035A59C}.Debug|x64.ActiveCfg = Debug|x64
		{0483B64B-EF7C-4454-89A3-4751A035A59C}.Debug|x64.Build.0 = Debug|x64
		{0483B64B-EF7C-4454-89A3-4751A035A59C}.Debug|x64.Deploy.0 = Debug|x64
		{0483B64B-EF7C-4454-89A3-4751A035A59C}.Debug|x86.ActiveCfg = Debug|x86
		{0483B64B-EF7C-4454-89A3-4751A035A59C}.Debug|x86.Build.0 = Debug|x86
		{0483B64B-EF7C-4454-89A3-4751A035A59C}.Debug|x86.Deploy.0 = Debug|x86
		{0483B64B-EF7C-4454-89A3-4751A035A59C}.Release|ARM.ActiveCfg = Release|ARM
		{0483B64B-EF7C-4454-89A3-4751A035A59C}.Release|ARM.Build.0 = Release|ARM
		{0483B64B-EF7C-4454-89A3-4751A035A59C}.Release|ARM.Deploy.0 = Release|ARM
		{0483B64B-EF7C-4454-89A3-4751A035A59C}.Release|x64.ActiveCfg = Release|x64
		{0483B64B-EF7C-4454-89A3-4751A035A59C}.Release|x64.Build.0 = Release|x64
		{0483B64B-EF7C-4454-89A3-4751A035A59C}.Release|x64.Deploy.0 = Release|x64
		{0483B64B-EF7C-4454-89A3-4751A035A59C}.Release|x86.ActiveCfg = Release|x86
		{0483B64B-EF7C-4454-89A3-4751A035A59C}.Release|x86.Build.0 = Release|x86
		{0483B64B-EF7C-4454-89A3-4751A035A59C}.Release|x86.Deploy.0 = Release|x86
		{B126009E-02FA-4C84-8C8A-EB16C9C0B59B}.Debug|ARM.ActiveCfg = Debug|ARM
		{B126009E-02FA-4C84-8C8A-EB16C9C0B59B}.Debug|ARM.Build.0 = Debug|ARM
		{B126009E-02FA-4C84-8C8A-EB16C9C0B59B}.Debug|ARM.Deploy.0 = Debug|ARM
		{B126009E-02FA-4C84-8C8A-EB16C9C0B59B}.Debug|x64.ActiveCfg = Debug|x64
		{B126009E-02FA-4C84-8C8A-EB16C9C0B59B}.Debug|x64.Build.0 = Debug|x64
		{B126009E-02FA-4C84-8C8A-EB16C9C0B59B}.Debug|x64.Deploy.0 = Debug|x64
		{B126009E-02FA-4C84-8C8A-EB16C9C0B59B}.Debug|x86.ActiveCfg = Debug|x86
		{B126009E-02FA-4C84-8C8A-EB16C9C0B59B}.Debug|x86.Build.0 = Debug|x86
		{B126009E-02FA-4C84-8C8A-EB16C9C0B59B}.Debug|x86.Deploy.0 = Debug|x86
		{B126009E-02FA-4C84-8C8A-EB16C9C0B59B}.Release|ARM.ActiveCfg = Release|ARM
		{B126009E-02FA-4C84-8C8A-EB16C9C0B59B}.Release|ARM.Build.0 = Release|ARM
		{B126009E-02FA-4C84-8C8A-EB16C9C0B59B}.Release|ARM.Deploy.0 = Release|ARM
		{B126009E-02FA-4C84-8C8A-EB16C9C0B59B}.Release|x64.ActiveCfg = Release|x64
		{B126009E-02FA-4C84-8C8A-EB16C9C0B59B}.Release|x64.Build.0 = Release|x64
		{B126009E-02FA-4C84-8C8A-EB16C9C0B59B}.Release|x64.Deploy.0 = Release|x64
		{B126009E-02FA-4C84-8C8A-EB16C9C0B59B}.Release|x86.ActiveCfg = Release|x86
		{B126009E-02FA-4C84-8C8A-EB16C9C0B59B}.Release|x86.Build.0 = Release|x86
		{B126009E-02FA-4C84-8C8A-EB16C9C0B59B}.Release|x86.Deploy.0 = Release|x86
		{28D66C35-F3E7-4E85-983E-8D24322F5016}.Debug|ARM.ActiveCfg = Debug|ARM
		{28D66C35-F3E7-4E85-983E-8D24322F5016}.Debug|ARM.Build.0 = Debug|ARM
		{28D66C35-F3E7-4E85-983E-8D24322F5016}.Debug|ARM.Deploy.0 = Debug|ARM
		{28D66C35-F3E7-4E85-983E-8D24322F5016}.Debug|x64.ActiveCfg = Debug|x64
		{28D66C35-F3E7-4E85-983E-8D24322F5016}.Debug|x64.Build.0 = Debug|x64
		{28D66C35-F3E7-4E85-983E-8D24322F5016}.Debug|x64.Deploy.0 = Debug|x64
		{28D66C35-F3E7-4E85-983E-8D24322F5016}.Debug|x86.ActiveCfg = Debug|x86
		{28D66C35-F3E7-4E85-983E-8D24322F5016}.Debug|x86.Build.0 = Debug|x86
		{28D66C35-F3E7-4E85-983E-8D24322F5016}.Debug|x86.Deploy.0 = Debug|x86
		{28D66C35-F3E7-4E85-983E-8D24322F5016}.Release|ARM.ActiveCfg = Release|ARM
		{28D66C35-F3E7-4E85-983E-8D24322F5016}.Release|ARM.Build.0 = Release|ARM
		{28D66C35-F3E7-4E85-983E-8D24322F5016}.Release|ARM.Deploy.0 = Release|ARM
		{28D66C35-F3E7-4E85-983E-8D24322F5016}.Release|x64.ActiveCfg = Release|x64
		{28D66C35-F3E7-4E85-983E-8D24322F5016}.Release|x64.Build.0 = Release|x64
		{28D66C35-F3E7-4E85-983E-8D24322F5016}.Release|x64.Deploy.0 = Release|x64
		{28D66C35-F3E7-4E85-983E-8D24322F5016}.Release|x86.ActiveCfg = Release|x86
		{28D66C35-F3E7-4E85-983E-8D24322F5016}.Release|x86.Build.0 = Release|x86
		{28D66C35-F3E7-4E85-983E-8D24322F5016}.Release|x86.Deploy.0 = Release|x86
	EndGlobalSection
	GlobalSection(SolutionProperties) = preSolution
		HideSolutionNode = FALSE
	EndGlobalSection
EndGlobal
