
Microsoft Visual Studio Solution File, Format Version 12.00
# Visual Studio Version 17
VisualStudioVersion = 17.13.35825.156 d17.13
MinimumVisualStudioVersion = 10.0.40219.1
Project("{FAE04EC0-301F-11D3-BF4B-00C04F79EFBC}") = "WinUI-3-basic-win32-interop", "WinUI-3-basic-win32-interop\WinUI-3-basic-win32-interop.csproj", "{2BB6E320-4EA4-4EC2-A6F0-B3BE01C6AFD2}"
EndProject
Global
	GlobalSection(SolutionConfigurationPlatforms) = preSolution
		Debug|ARM64 = Debug|ARM64
		Debug|x64 = Debug|x64
		Debug|x86 = Debug|x86
		Release|ARM64 = Release|ARM64
		Release|x64 = Release|x64
		Release|x86 = Release|x86
	EndGlobalSection
	GlobalSection(ProjectConfigurationPlatforms) = postSolution
		{2BB6E320-4EA4-4EC2-A6F0-B3BE01C6AFD2}.Debug|ARM64.ActiveCfg = Debug|ARM64
		{2BB6E320-4EA4-4EC2-A6F0-B3BE01C6AFD2}.Debug|ARM64.Build.0 = Debug|ARM64
		{2BB6E320-4EA4-4EC2-A6F0-B3BE01C6AFD2}.Debug|ARM64.Deploy.0 = Debug|ARM64
		{2BB6E320-4EA4-4EC2-A6F0-B3BE01C6AFD2}.Debug|x64.ActiveCfg = Debug|x64
		{2BB6E320-4EA4-4EC2-A6F0-B3BE01C6AFD2}.Debug|x64.Build.0 = Debug|x64
		{2BB6E320-4EA4-4EC2-A6F0-B3BE01C6AFD2}.Debug|x64.Deploy.0 = Debug|x64
		{2BB6E320-4EA4-4EC2-A6F0-B3BE01C6AFD2}.Debug|x86.ActiveCfg = Debug|x86
		{2BB6E320-4EA4-4EC2-A6F0-B3BE01C6AFD2}.Debug|x86.Build.0 = Debug|x86
		{2BB6E320-4EA4-4EC2-A6F0-B3BE01C6AFD2}.Debug|x86.Deploy.0 = Debug|x86
		{2BB6E320-4EA4-4EC2-A6F0-B3BE01C6AFD2}.Release|ARM64.ActiveCfg = Release|ARM64
		{2BB6E320-4EA4-4EC2-A6F0-B3BE01C6AFD2}.Release|ARM64.Build.0 = Release|ARM64
		{2BB6E320-4EA4-4EC2-A6F0-B3BE01C6AFD2}.Release|ARM64.Deploy.0 = Release|ARM64
		{2BB6E320-4EA4-4EC2-A6F0-B3BE01C6AFD2}.Release|x64.ActiveCfg = Release|x64
		{2BB6E320-4EA4-4EC2-A6F0-B3BE01C6AFD2}.Release|x64.Build.0 = Release|x64
		{2BB6E320-4EA4-4EC2-A6F0-B3BE01C6AFD2}.Release|x64.Deploy.0 = Release|x64
		{2BB6E320-4EA4-4EC2-A6F0-B3BE01C6AFD2}.Release|x86.ActiveCfg = Release|x86
		{2BB6E320-4EA4-4EC2-A6F0-B3BE01C6AFD2}.Release|x86.Build.0 = Release|x86
		{2BB6E320-4EA4-4EC2-A6F0-B3BE01C6AFD2}.Release|x86.Deploy.0 = Release|x86
	EndGlobalSection
	GlobalSection(SolutionProperties) = preSolution
		HideSolutionNode = FALSE
	EndGlobalSection
	GlobalSection(ExtensibilityGlobals) = postSolution
		SolutionGuid = {05B17D38-7FA9-4DA8-9BB5-1B139678B51B}
	EndGlobalSection
EndGlobal
