
Microsoft Visual Studio Solution File, Format Version 12.00
# Visual Studio Version 17
VisualStudioVersion = 17.5.33516.290
MinimumVisualStudioVersion = 10.0.40219.1
Project("{8BC9CEB8-8B4A-11D0-8D11-00A0C91BC942}") = "BasicNavigation", "BasicNavigation\BasicNavigation.vcxproj", "{7902BDC5-DC1B-4740-A07E-48901E327C07}"
EndProject
Global
	GlobalSection(SolutionConfigurationPlatforms) = preSolution
		Debug|ARM64 = Debug|ARM64
		Debug|x64 = Debug|x64
		Debug|x86 = Debug|x86
		Release|ARM64 = Release|ARM64
		Release|x64 = Release|x64
		Release|x86 = Release|x86
	EndGlobalSection
	GlobalSection(ProjectConfigurationPlatforms) = postSolution
		{7902BDC5-DC1B-4740-A07E-48901E327C07}.Debug|ARM64.ActiveCfg = Debug|ARM64
		{7902BDC5-DC1B-4740-A07E-48901E327C07}.Debug|ARM64.Build.0 = Debug|ARM64
		{7902BDC5-DC1B-4740-A07E-48901E327C07}.Debug|ARM64.Deploy.0 = Debug|ARM64
		{7902BDC5-DC1B-4740-A07E-48901E327C07}.Debug|x64.ActiveCfg = Debug|x64
		{7902BDC5-DC1B-4740-A07E-48901E327C07}.Debug|x64.Build.0 = Debug|x64
		{7902BDC5-DC1B-4740-A07E-48901E327C07}.Debug|x64.Deploy.0 = Debug|x64
		{7902BDC5-DC1B-4740-A07E-48901E327C07}.Debug|x86.ActiveCfg = Debug|Win32
		{7902BDC5-DC1B-4740-A07E-48901E327C07}.Debug|x86.Build.0 = Debug|Win32
		{7902BDC5-DC1B-4740-A07E-48901E327C07}.Debug|x86.Deploy.0 = Debug|Win32
		{7902BDC5-DC1B-4740-A07E-48901E327C07}.Release|ARM64.ActiveCfg = Release|ARM64
		{7902BDC5-DC1B-4740-A07E-48901E327C07}.Release|ARM64.Build.0 = Release|ARM64
		{7902BDC5-DC1B-4740-A07E-48901E327C07}.Release|ARM64.Deploy.0 = Release|ARM64
		{7902BDC5-DC1B-4740-A07E-48901E327C07}.Release|x64.ActiveCfg = Release|x64
		{7902BDC5-DC1B-4740-A07E-48901E327C07}.Release|x64.Build.0 = Release|x64
		{7902BDC5-DC1B-4740-A07E-48901E327C07}.Release|x64.Deploy.0 = Release|x64
		{7902BDC5-DC1B-4740-A07E-48901E327C07}.Release|x86.ActiveCfg = Release|Win32
		{7902BDC5-DC1B-4740-A07E-48901E327C07}.Release|x86.Build.0 = Release|Win32
		{7902BDC5-DC1B-4740-A07E-48901E327C07}.Release|x86.Deploy.0 = Release|Win32
	EndGlobalSection
	GlobalSection(SolutionProperties) = preSolution
		HideSolutionNode = FALSE
	EndGlobalSection
	GlobalSection(ExtensibilityGlobals) = postSolution
		SolutionGuid = {41ACE093-99B4-4D3B-9164-FB1BA94D07B4}
	EndGlobalSection
EndGlobal
